
Microsoft Visual Studio Solution File, Format Version 12.00
# Visual Studio Version 17
VisualStudioVersion = 17.14.36414.22 d17.14
MinimumVisualStudioVersion = 10.0.40219.1
Project("{8BC9CEB8-8B4A-11D0-8D11-00A0C91BC942}") = "Exo Moteur2D", "Exo Moteur2D\Exo Moteur2D.vcxproj", "{A8F49887-122D-4DE5-AF5B-D809B849116F}"
EndProject
Global
	GlobalSection(SolutionConfigurationPlatforms) = preSolution
		Debug|x64 = Debug|x64
		Debug|x86 = Debug|x86
		Release|x64 = Release|x64
		Release|x86 = Release|x86
	EndGlobalSection
	GlobalSection(ProjectConfigurationPlatforms) = postSolution
		{A8F49887-122D-4DE5-AF5B-D809B849116F}.Debug|x64.ActiveCfg = Debug|x64
		{A8F49887-122D-4DE5-AF5B-D809B849116F}.Debug|x64.Build.0 = Debug|x64
		{A8F49887-122D-4DE5-AF5B-D809B849116F}.Debug|x86.ActiveCfg = Debug|Win32
		{A8F49887-122D-4DE5-AF5B-D809B849116F}.Debug|x86.Build.0 = Debug|Win32
		{A8F49887-122D-4DE5-AF5B-D809B849116F}.Release|x64.ActiveCfg = Release|x64
		{A8F49887-122D-4DE5-AF5B-D809B849116F}.Release|x64.Build.0 = Release|x64
		{A8F49887-122D-4DE5-AF5B-D809B849116F}.Release|x86.ActiveCfg = Release|Win32
		{A8F49887-122D-4DE5-AF5B-D809B849116F}.Release|x86.Build.0 = Release|Win32
	EndGlobalSection
	GlobalSection(SolutionProperties) = preSolution
		HideSolutionNode = FALSE
	EndGlobalSection
	GlobalSection(ExtensibilityGlobals) = postSolution
		SolutionGuid = {EEEE1211-B609-4479-A7C0-85C80B0A62E8}
	EndGlobalSection
EndGlobal
